
Microsoft Visual Studio Solution File, Format Version 12.00
# Visual Studio Version 16
VisualStudioVersion = 16.0.28315.86
MinimumVisualStudioVersion = 10.0.40219.1
Project("{2150E333-8FDC-42A3-9474-1A3956D46DE8}") = "Engine", "Engine", "{031B448F-4132-46D0-8A2D-152AB787A6A2}"
EndProject
Project("{2150E333-8FDC-42A3-9474-1A3956D46DE8}") = "Enterprise", "Enterprise", "{8DE98883-5201-4231-834C-B1B3D5DD17FC}"
EndProject
Project("{2150E333-8FDC-42A3-9474-1A3956D46DE8}") = "Games", "Games", "{5F7B75BA-C9B9-4FE5-AD5F-F70AF4C90C77}"
EndProject
Project("{8BC9CEB8-8B4A-11D0-8D11-00A0C91BC942}") = "BuildingEscape", "Intermediate\ProjectFiles\BuildingEscape.vcxproj", "{362B7A03-D3CE-4F88-AA39-78E2397203BF}"
EndProject
Project("{8BC9CEB8-8B4A-11D0-8D11-00A0C91BC942}") = "UE4", "Intermediate\ProjectFiles\UE4.vcxproj", "{87887344-ADB9-46BA-A044-26D349DFA615}"
EndProject
Project("{8BC9CEB8-8B4A-11D0-8D11-00A0C91BC942}") = "Studio", "Intermediate\ProjectFiles\Studio.vcxproj", "{FB8E6F73-4B1F-400D-96E6-09609764AEE3}"
EndProject
Project("{2150E333-8FDC-42A3-9474-1A3956D46DE8}") = "Visualizers", "Visualizers", "{94EB2F69-EE96-4953-AC01-65DF8614DB9C}"
	ProjectSection(SolutionItems) = preProject
		..\..\..\Unreal\UE_4.22\Engine\Extras\VisualStudioDebugging\UE4.natvis = ..\..\..\Unreal\UE_4.22\Engine\Extras\VisualStudioDebugging\UE4.natvis
	EndProjectSection
EndProject
Global
	GlobalSection(SolutionConfigurationPlatforms) = preSolution
		DebugGame Editor|HTML5 = DebugGame Editor|HTML5
		DebugGame Editor|Win32 = DebugGame Editor|Win32
		DebugGame Editor|Win64 = DebugGame Editor|Win64
		DebugGame|HTML5 = DebugGame|HTML5
		DebugGame|Win32 = DebugGame|Win32
		DebugGame|Win64 = DebugGame|Win64
		Development Editor|HTML5 = Development Editor|HTML5
		Development Editor|Win32 = Development Editor|Win32
		Development Editor|Win64 = Development Editor|Win64
		Development|HTML5 = Development|HTML5
		Development|Win32 = Development|Win32
		Development|Win64 = Development|Win64
		Shipping|HTML5 = Shipping|HTML5
		Shipping|Win32 = Shipping|Win32
		Shipping|Win64 = Shipping|Win64
	EndGlobalSection
	GlobalSection(ProjectConfigurationPlatforms) = postSolution
		{362B7A03-D3CE-4F88-AA39-78E2397203BF}.DebugGame Editor|HTML5.ActiveCfg = Invalid|Win32
		{362B7A03-D3CE-4F88-AA39-78E2397203BF}.DebugGame Editor|Win32.ActiveCfg = Invalid|Win32
		{362B7A03-D3CE-4F88-AA39-78E2397203BF}.DebugGame Editor|Win64.ActiveCfg = DebugGame_Editor|x64
		{362B7A03-D3CE-4F88-AA39-78E2397203BF}.DebugGame Editor|Win64.Build.0 = DebugGame_Editor|x64
		{362B7A03-D3CE-4F88-AA39-78E2397203BF}.DebugGame|HTML5.ActiveCfg = HTML5_DebugGame|Win32
		{362B7A03-D3CE-4F88-AA39-78E2397203BF}.DebugGame|HTML5.Build.0 = HTML5_DebugGame|Win32
		{362B7A03-D3CE-4F88-AA39-78E2397203BF}.DebugGame|Win32.ActiveCfg = DebugGame|Win32
		{362B7A03-D3CE-4F88-AA39-78E2397203BF}.DebugGame|Win32.Build.0 = DebugGame|Win32
		{362B7A03-D3CE-4F88-AA39-78E2397203BF}.DebugGame|Win64.ActiveCfg = DebugGame|x64
		{362B7A03-D3CE-4F88-AA39-78E2397203BF}.DebugGame|Win64.Build.0 = DebugGame|x64
		{362B7A03-D3CE-4F88-AA39-78E2397203BF}.Development Editor|HTML5.ActiveCfg = Invalid|Win32
		{362B7A03-D3CE-4F88-AA39-78E2397203BF}.Development Editor|Win32.ActiveCfg = Invalid|Win32
		{362B7A03-D3CE-4F88-AA39-78E2397203BF}.Development Editor|Win64.ActiveCfg = Development_Editor|x64
		{362B7A03-D3CE-4F88-AA39-78E2397203BF}.Development Editor|Win64.Build.0 = Development_Editor|x64
		{362B7A03-D3CE-4F88-AA39-78E2397203BF}.Development|HTML5.ActiveCfg = HTML5_Development|Win32
		{362B7A03-D3CE-4F88-AA39-78E2397203BF}.Development|HTML5.Build.0 = HTML5_Development|Win32
		{362B7A03-D3CE-4F88-AA39-78E2397203BF}.Development|Win32.ActiveCfg = Development|Win32
		{362B7A03-D3CE-4F88-AA39-78E2397203BF}.Development|Win32.Build.0 = Development|Win32
		{362B7A03-D3CE-4F88-AA39-78E2397203BF}.Development|Win64.ActiveCfg = Development|x64
		{362B7A03-D3CE-4F88-AA39-78E2397203BF}.Development|Win64.Build.0 = Development|x64
		{362B7A03-D3CE-4F88-AA39-78E2397203BF}.Shipping|HTML5.ActiveCfg = HTML5_Shipping|Win32
		{362B7A03-D3CE-4F88-AA39-78E2397203BF}.Shipping|HTML5.Build.0 = HTML5_Shipping|Win32
		{362B7A03-D3CE-4F88-AA39-78E2397203BF}.Shipping|Win32.ActiveCfg = Shipping|Win32
		{362B7A03-D3CE-4F88-AA39-78E2397203BF}.Shipping|Win32.Build.0 = Shipping|Win32
		{362B7A03-D3CE-4F88-AA39-78E2397203BF}.Shipping|Win64.ActiveCfg = Shipping|x64
		{362B7A03-D3CE-4F88-AA39-78E2397203BF}.Shipping|Win64.Build.0 = Shipping|x64
		{87887344-ADB9-46BA-A044-26D349DFA615}.DebugGame Editor|HTML5.ActiveCfg = BuiltWithUnrealBuildTool|Win32
		{87887344-ADB9-46BA-A044-26D349DFA615}.DebugGame Editor|Win32.ActiveCfg = BuiltWithUnrealBuildTool|Win32
		{87887344-ADB9-46BA-A044-26D349DFA615}.DebugGame Editor|Win64.ActiveCfg = BuiltWithUnrealBuildTool|Win32
		{87887344-ADB9-46BA-A044-26D349DFA615}.DebugGame|HTML5.ActiveCfg = BuiltWithUnrealBuildTool|Win32
		{87887344-ADB9-46BA-A044-26D349DFA615}.DebugGame|Win32.ActiveCfg = BuiltWithUnrealBuildTool|Win32
		{87887344-ADB9-46BA-A044-26D349DFA615}.DebugGame|Win64.ActiveCfg = BuiltWithUnrealBuildTool|Win32
		{87887344-ADB9-46BA-A044-26D349DFA615}.Development Editor|HTML5.ActiveCfg = BuiltWithUnrealBuildTool|Win32
		{87887344-ADB9-46BA-A044-26D349DFA615}.Development Editor|Win32.ActiveCfg = BuiltWithUnrealBuildTool|Win32
		{87887344-ADB9-46BA-A044-26D349DFA615}.Development Editor|Win64.ActiveCfg = BuiltWithUnrealBuildTool|Win32
		{87887344-ADB9-46BA-A044-26D349DFA615}.Development|HTML5.ActiveCfg = BuiltWithUnrealBuildTool|Win32
		{87887344-ADB9-46BA-A044-26D349DFA615}.Development|Win32.ActiveCfg = BuiltWithUnrealBuildTool|Win32
		{87887344-ADB9-46BA-A044-26D349DFA615}.Development|Win64.ActiveCfg = BuiltWithUnrealBuildTool|Win32
		{87887344-ADB9-46BA-A044-26D349DFA615}.Shipping|HTML5.ActiveCfg = BuiltWithUnrealBuildTool|Win32
		{87887344-ADB9-46BA-A044-26D349DFA615}.Shipping|Win32.ActiveCfg = BuiltWithUnrealBuildTool|Win32
		{87887344-ADB9-46BA-A044-26D349DFA615}.Shipping|Win64.ActiveCfg = BuiltWithUnrealBuildTool|Win32
		{FB8E6F73-4B1F-400D-96E6-09609764AEE3}.DebugGame Editor|HTML5.ActiveCfg = BuiltWithUnrealBuildTool|Win32
		{FB8E6F73-4B1F-400D-96E6-09609764AEE3}.DebugGame Editor|Win32.ActiveCfg = BuiltWithUnrealBuildTool|Win32
		{FB8E6F73-4B1F-400D-96E6-09609764AEE3}.DebugGame Editor|Win64.ActiveCfg = BuiltWithUnrealBuildTool|Win32
		{FB8E6F73-4B1F-400D-96E6-09609764AEE3}.DebugGame|HTML5.ActiveCfg = BuiltWithUnrealBuildTool|Win32
		{FB8E6F73-4B1F-400D-96E6-09609764AEE3}.DebugGame|Win32.ActiveCfg = BuiltWithUnrealBuildTool|Win32
		{FB8E6F73-4B1F-400D-96E6-09609764AEE3}.DebugGame|Win64.ActiveCfg = BuiltWithUnrealBuildTool|Win32
		{FB8E6F73-4B1F-400D-96E6-09609764AEE3}.Development Editor|HTML5.ActiveCfg = BuiltWithUnrealBuildTool|Win32
		{FB8E6F73-4B1F-400D-96E6-09609764AEE3}.Development Editor|Win32.ActiveCfg = BuiltWithUnrealBuildTool|Win32
		{FB8E6F73-4B1F-400D-96E6-09609764AEE3}.Development Editor|Win64.ActiveCfg = BuiltWithUnrealBuildTool|Win32
		{FB8E6F73-4B1F-400D-96E6-09609764AEE3}.Development|HTML5.ActiveCfg = BuiltWithUnrealBuildTool|Win32
		{FB8E6F73-4B1F-400D-96E6-09609764AEE3}.Development|Win32.ActiveCfg = BuiltWithUnrealBuildTool|Win32
		{FB8E6F73-4B1F-400D-96E6-09609764AEE3}.Development|Win64.ActiveCfg = BuiltWithUnrealBuildTool|Win32
		{FB8E6F73-4B1F-400D-96E6-09609764AEE3}.Shipping|HTML5.ActiveCfg = BuiltWithUnrealBuildTool|Win32
		{FB8E6F73-4B1F-400D-96E6-09609764AEE3}.Shipping|Win32.ActiveCfg = BuiltWithUnrealBuildTool|Win32
		{FB8E6F73-4B1F-400D-96E6-09609764AEE3}.Shipping|Win64.ActiveCfg = BuiltWithUnrealBuildTool|Win32
	EndGlobalSection
	GlobalSection(SolutionProperties) = preSolution
		HideSolutionNode = FALSE
	EndGlobalSection
	GlobalSection(NestedProjects) = preSolution
		{87887344-ADB9-46BA-A044-26D349DFA615} = {031B448F-4132-46D0-8A2D-152AB787A6A2}
		{FB8E6F73-4B1F-400D-96E6-09609764AEE3} = {8DE98883-5201-4231-834C-B1B3D5DD17FC}
		{362B7A03-D3CE-4F88-AA39-78E2397203BF} = {5F7B75BA-C9B9-4FE5-AD5F-F70AF4C90C77}
	EndGlobalSection
EndGlobal
